
Microsoft Visual Studio Solution File, Format Version 12.00
# Visual Studio 15
VisualStudioVersion = 15.0.28010.2003
MinimumVisualStudioVersion = 10.0.40219.1
Project("{9A19103F-16F7-4668-BE54-9A1E7A4F7556}") = "ModelRenderer", "StlRender\ModelRenderer.csproj", "{E95975AB-1A0D-40E6-BDA6-D372D4ECC34B}"
EndProject
Global
	GlobalSection(SolutionConfigurationPlatforms) = preSolution
		Debug|Any CPU = Debug|Any CPU
		Release|Any CPU = Release|Any CPU
	EndGlobalSection
	GlobalSection(ProjectConfigurationPlatforms) = postSolution
		{E95975AB-1A0D-40E6-BDA6-D372D4ECC34B}.Debug|Any CPU.ActiveCfg = Debug|Any CPU
		{E95975AB-1A0D-40E6-BDA6-D372D4ECC34B}.Debug|Any CPU.Build.0 = Debug|Any CPU
		{E95975AB-1A0D-40E6-BDA6-D372D4ECC34B}.Release|Any CPU.ActiveCfg = Release|Any CPU
		{E95975AB-1A0D-40E6-BDA6-D372D4ECC34B}.Release|Any CPU.Build.0 = Release|Any CPU
	EndGlobalSection
	GlobalSection(SolutionProperties) = preSolution
		HideSolutionNode = FALSE
	EndGlobalSection
	GlobalSection(ExtensibilityGlobals) = postSolution
		SolutionGuid = {E379C097-930F-4E73-96F3-C0485F405540}
	EndGlobalSection
EndGlobal
